// !$*UTF8*$!
{
	archiveVersion = 1;
	classes = {
	};
	objectVersion = 50;
	objects = {

/* Begin PBXBuildFile section */
		6A5CD4E820C8E3D200C21AA0 /* GrenealClass.m in Sources */ = {isa = PBXBuildFile; fileRef = 6A5CD4E720C8E3D200C21AA0 /* GrenealClass.m */; };
		6ADA98B920C63467004FC0C9 /* AppDelegate.m in Sources */ = {isa = PBXBuildFile; fileRef = 6ADA98B820C63467004FC0C9 /* AppDelegate.m */; };
		6ADA98BC20C63467004FC0C9 /* ViewController.m in Sources */ = {isa = PBXBuildFile; fileRef = 6ADA98BB20C63467004FC0C9 /* ViewController.m */; };
		6ADA98BF20C63467004FC0C9 /* Main.storyboard in Resources */ = {isa = PBXBuildFile; fileRef = 6ADA98BD20C63467004FC0C9 /* Main.storyboard */; };
		6ADA98C120C63469004FC0C9 /* Assets.xcassets in Resources */ = {isa = PBXBuildFile; fileRef = 6ADA98C020C63469004FC0C9 /* Assets.xcassets */; };
		6ADA98C420C63469004FC0C9 /* LaunchScreen.storyboard in Resources */ = {isa = PBXBuildFile; fileRef = 6ADA98C220C63469004FC0C9 /* LaunchScreen.storyboard */; };
		6ADA98C720C63469004FC0C9 /* main.m in Sources */ = {isa = PBXBuildFile; fileRef = 6ADA98C620C63469004FC0C9 /* main.m */; };
		6ADA98D120C63469004FC0C9 /* MultipleChoicesDemoUITests.m in Sources */ = {isa = PBXBuildFile; fileRef = 6ADA98D020C63469004FC0C9 /* MultipleChoicesDemoUITests.m */; };
		6ADA98DE20C634D5004FC0C9 /* TableViewCell.m in Sources */ = {isa = PBXBuildFile; fileRef = 6ADA98DC20C634D5004FC0C9 /* TableViewCell.m */; };
		6ADA98DF20C634D5004FC0C9 /* TableViewCell.xib in Resources */ = {isa = PBXBuildFile; fileRef = 6ADA98DD20C634D5004FC0C9 /* TableViewCell.xib */; };
		6ADA98E220C63682004FC0C9 /* Model.m in Sources */ = {isa = PBXBuildFile; fileRef = 6ADA98E120C63682004FC0C9 /* Model.m */; };
		6AF0059520C92879004FB06F /* UIKit.framework in Frameworks */ = {isa = PBXBuildFile; fileRef = 6AF0059420C92879004FB06F /* UIKit.framework */; };
/* End PBXBuildFile section */

/* Begin PBXContainerItemProxy section */
		6ADA98CD20C63469004FC0C9 /* PBXContainerItemProxy */ = {
			isa = PBXContainerItemProxy;
			containerPortal = 6ADA98AC20C63467004FC0C9 /* Project object */;
			proxyType = 1;
			remoteGlobalIDString = 6ADA98B320C63467004FC0C9;
			remoteInfo = MultipleChoicesDemo;
		};
/* End PBXContainerItemProxy section */

/* Begin PBXFileReference section */
		6A5CD4E620C8E3D200C21AA0 /* GrenealClass.h */ = {isa = PBXFileReference; lastKnownFileType = sourcecode.c.h; path = GrenealClass.h; sourceTree = "<group>"; };
		6A5CD4E720C8E3D200C21AA0 /* GrenealClass.m */ = {isa = PBXFileReference; lastKnownFileType = sourcecode.c.objc; path = GrenealClass.m; sourceTree = "<group>"; };
		6ADA98B420C63467004FC0C9 /* MultipleChoicesDemo.app */ = {isa = PBXFileReference; explicitFileType = wrapper.application; includeInIndex = 0; path = MultipleChoicesDemo.app; sourceTree = BUILT_PRODUCTS_DIR; };
		6ADA98B720C63467004FC0C9 /* AppDelegate.h */ = {isa = PBXFileReference; lastKnownFileType = sourcecode.c.h; path = AppDelegate.h; sourceTree = "<group>"; };
		6ADA98B820C63467004FC0C9 /* AppDelegate.m */ = {isa = PBXFileReference; lastKnownFileType = sourcecode.c.objc; path = AppDelegate.m; sourceTree = "<group>"; };
		6ADA98BA20C63467004FC0C9 /* ViewController.h */ = {isa = PBXFileReference; lastKnownFileType = sourcecode.c.h; path = ViewController.h; sourceTree = "<group>"; };
		6ADA98BB20C63467004FC0C9 /* ViewController.m */ = {isa = PBXFileReference; lastKnownFileType = sourcecode.c.objc; path = ViewController.m; sourceTree = "<group>"; };
		6ADA98BE20C63467004FC0C9 /* Base */ = {isa = PBXFileReference; lastKnownFileType = file.storyboard; name = Base; path = Base.lproj/Main.storyboard; sourceTree = "<group>"; };
		6ADA98C020C63469004FC0C9 /* Assets.xcassets */ = {isa = PBXFileReference; lastKnownFileType = folder.assetcatalog; path = Assets.xcassets; sourceTree = "<group>"; };
		6ADA98C320C63469004FC0C9 /* Base */ = {isa = PBXFileReference; lastKnownFileType = file.storyboard; name = Base; path = Base.lproj/LaunchScreen.storyboard; sourceTree = "<group>"; };
		6ADA98C520C63469004FC0C9 /* Info.plist */ = {isa = PBXFileReference; lastKnownFileType = text.plist.xml; path = Info.plist; sourceTree = "<group>"; };
		6ADA98C620C63469004FC0C9 /* main.m */ = {isa = PBXFileReference; lastKnownFileType = sourcecode.c.objc; path = main.m; sourceTree = "<group>"; };
		6ADA98CC20C63469004FC0C9 /* MultipleChoicesDemoUITests.xctest */ = {isa = PBXFileReference; explicitFileType = wrapper.cfbundle; includeInIndex = 0; path = MultipleChoicesDemoUITests.xctest; sourceTree = BUILT_PRODUCTS_DIR; };
		6ADA98D020C63469004FC0C9 /* MultipleChoicesDemoUITests.m */ = {isa = PBXFileReference; lastKnownFileType = sourcecode.c.objc; path = MultipleChoicesDemoUITests.m; sourceTree = "<group>"; };
		6ADA98D220C63469004FC0C9 /* Info.plist */ = {isa = PBXFileReference; lastKnownFileType = text.plist.xml; path = Info.plist; sourceTree = "<group>"; };
		6ADA98DB20C634D5004FC0C9 /* TableViewCell.h */ = {isa = PBXFileReference; lastKnownFileType = sourcecode.c.h; path = TableViewCell.h; sourceTree = "<group>"; };
		6ADA98DC20C634D5004FC0C9 /* TableViewCell.m */ = {isa = PBXFileReference; lastKnownFileType = sourcecode.c.objc; path = TableViewCell.m; sourceTree = "<group>"; };
		6ADA98DD20C634D5004FC0C9 /* TableViewCell.xib */ = {isa = PBXFileReference; lastKnownFileType = file.xib; path = TableViewCell.xib; sourceTree = "<group>"; };
		6ADA98E020C63682004FC0C9 /* Model.h */ = {isa = PBXFileReference; lastKnownFileType = sourcecode.c.h; path = Model.h; sourceTree = "<group>"; };
		6ADA98E120C63682004FC0C9 /* Model.m */ = {isa = PBXFileReference; lastKnownFileType = sourcecode.c.objc; path = Model.m; sourceTree = "<group>"; };
		6AF0059420C92879004FB06F /* UIKit.framework */ = {isa = PBXFileReference; lastKnownFileType = wrapper.framework; name = UIKit.framework; path = System/Library/Frameworks/UIKit.framework; sourceTree = SDKROOT; };
/* End PBXFileReference section */

/* Begin PBXFrameworksBuildPhase section */
		6ADA98B120C63467004FC0C9 /* Frameworks */ = {
			isa = PBXFrameworksBuildPhase;
			buildActionMask = 2147483647;
			files = (
				6AF0059520C92879004FB06F /* UIKit.framework in Frameworks */,
			);
			runOnlyForDeploymentPostprocessing = 0;
		};
		6ADA98C920C63469004FC0C9 /* Frameworks */ = {
			isa = PBXFrameworksBuildPhase;
			buildActionMask = 2147483647;
			files = (
			);
			runOnlyForDeploymentPostprocessing = 0;
		};
/* End PBXFrameworksBuildPhase section */

/* Begin PBXGroup section */
		6A5CD4E520C8E3BB00C21AA0 /* Greneal */ = {
			isa = PBXGroup;
			children = (
				6A5CD4E620C8E3D200C21AA0 /* GrenealClass.h */,
				6A5CD4E720C8E3D200C21AA0 /* GrenealClass.m */,
			);
			path = Greneal;
			sourceTree = "<group>";
		};
		6ADA98AB20C63467004FC0C9 = {
			isa = PBXGroup;
			children = (
				6ADA98B620C63467004FC0C9 /* MultipleChoicesDemo */,
				6ADA98CF20C63469004FC0C9 /* MultipleChoicesDemoUITests */,
				6ADA98B520C63467004FC0C9 /* Products */,
				6AF0059320C92879004FB06F /* Frameworks */,
			);
			sourceTree = "<group>";
		};
		6ADA98B520C63467004FC0C9 /* Products */ = {
			isa = PBXGroup;
			children = (
				6ADA98B420C63467004FC0C9 /* MultipleChoicesDemo.app */,
				6ADA98CC20C63469004FC0C9 /* MultipleChoicesDemoUITests.xctest */,
			);
			name = Products;
			sourceTree = "<group>";
		};
		6ADA98B620C63467004FC0C9 /* MultipleChoicesDemo */ = {
			isa = PBXGroup;
			children = (
				6A5CD4E520C8E3BB00C21AA0 /* Greneal */,
				6ADA98B720C63467004FC0C9 /* AppDelegate.h */,
				6ADA98B820C63467004FC0C9 /* AppDelegate.m */,
				6ADA98BA20C63467004FC0C9 /* ViewController.h */,
				6ADA98BB20C63467004FC0C9 /* ViewController.m */,
				6ADA98E020C63682004FC0C9 /* Model.h */,
				6ADA98E120C63682004FC0C9 /* Model.m */,
				6ADA98DB20C634D5004FC0C9 /* TableViewCell.h */,
				6ADA98DC20C634D5004FC0C9 /* TableViewCell.m */,
				6ADA98DD20C634D5004FC0C9 /* TableViewCell.xib */,
				6ADA98BD20C63467004FC0C9 /* Main.storyboard */,
				6ADA98C020C63469004FC0C9 /* Assets.xcassets */,
				6ADA98C220C63469004FC0C9 /* LaunchScreen.storyboard */,
				6ADA98C520C63469004FC0C9 /* Info.plist */,
				6ADA98C620C63469004FC0C9 /* main.m */,
			);
			path = MultipleChoicesDemo;
			sourceTree = "<group>";
		};
		6ADA98CF20C63469004FC0C9 /* MultipleChoicesDemoUITests */ = {
			isa = PBXGroup;
			children = (
				6ADA98D020C63469004FC0C9 /* MultipleChoicesDemoUITests.m */,
				6ADA98D220C63469004FC0C9 /* Info.plist */,
			);
			path = MultipleChoicesDemoUITests;
			sourceTree = "<group>";
		};
		6AF0059320C92879004FB06F /* Frameworks */ = {
			isa = PBXGroup;
			children = (
				6AF0059420C92879004FB06F /* UIKit.framework */,
			);
			name = Frameworks;
			sourceTree = "<group>";
		};
/* End PBXGroup section */

/* Begin PBXNativeTarget section */
		6ADA98B320C63467004FC0C9 /* MultipleChoicesDemo */ = {
			isa = PBXNativeTarget;
			buildConfigurationList = 6ADA98D520C63469004FC0C9 /* Build configuration list for PBXNativeTarget "MultipleChoicesDemo" */;
			buildPhases = (
				6ADA98B020C63467004FC0C9 /* Sources */,
				6ADA98B120C63467004FC0C9 /* Frameworks */,
				6ADA98B220C63467004FC0C9 /* Resources */,
			);
			buildRules = (
			);
			dependencies = (
			);
			name = MultipleChoicesDemo;
			productName = MultipleChoicesDemo;
			productReference = 6ADA98B420C63467004FC0C9 /* MultipleChoicesDemo.app */;
			productType = "com.apple.product-type.application";
		};
		6ADA98CB20C63469004FC0C9 /* MultipleChoicesDemoUITests */ = {
			isa = PBXNativeTarget;
			buildConfigurationList = 6ADA98D820C63469004FC0C9 /* Build configuration list for PBXNativeTarget "MultipleChoicesDemoUITests" */;
			buildPhases = (
				6ADA98C820C63469004FC0C9 /* Sources */,
				6ADA98C920C63469004FC0C9 /* Frameworks */,
				6ADA98CA20C63469004FC0C9 /* Resources */,
			);
			buildRules = (
			);
			dependencies = (
				6ADA98CE20C63469004FC0C9 /* PBXTargetDependency */,
			);
			name = MultipleChoicesDemoUITests;
			productName = MultipleChoicesDemoUITests;
			productReference = 6ADA98CC20C63469004FC0C9 /* MultipleChoicesDemoUITests.xctest */;
			productType = "com.apple.product-type.bundle.ui-testing";
		};
/* End PBXNativeTarget section */

/* Begin PBXProject section */
		6ADA98AC20C63467004FC0C9 /* Project object */ = {
			isa = PBXProject;
			attributes = {
				LastUpgradeCheck = 0930;
				ORGANIZATIONNAME = "http://www.cnblogs.com/Lrx-lizi/.     https://github.com/lrxlizi/     https://blog.csdn.net/qq_33608748";
				TargetAttributes = {
					6ADA98B320C63467004FC0C9 = {
						CreatedOnToolsVersion = 9.3;
					};
					6ADA98CB20C63469004FC0C9 = {
						CreatedOnToolsVersion = 9.3;
						TestTargetID = 6ADA98B320C63467004FC0C9;
					};
				};
			};
			buildConfigurationList = 6ADA98AF20C63467004FC0C9 /* Build configuration list for PBXProject "MultipleChoicesDemo" */;
			compatibilityVersion = "Xcode 9.3";
			developmentRegion = en;
			hasScannedForEncodings = 0;
			knownRegions = (
				en,
				Base,
			);
			mainGroup = 6ADA98AB20C63467004FC0C9;
			productRefGroup = 6ADA98B520C63467004FC0C9 /* Products */;
			projectDirPath = "";
			projectRoot = "";
			targets = (
				6ADA98B320C63467004FC0C9 /* MultipleChoicesDemo */,
				6ADA98CB20C63469004FC0C9 /* MultipleChoicesDemoUITests */,
			);
		};
/* End PBXProject section */

/* Begin PBXResourcesBuildPhase section */
		6ADA98B220C63467004FC0C9 /* Resources */ = {
			isa = PBXResourcesBuildPhase;
			buildActionMask = 2147483647;
			files = (
				6ADA98C420C63469004FC0C9 /* LaunchScreen.storyboard in Resources */,
				6ADA98DF20C634D5004FC0C9 /* TableViewCell.xib in Resources */,
				6ADA98C120C63469004FC0C9 /* Assets.xcassets in Resources */,
				6ADA98BF20C63467004FC0C9 /* Main.storyboard in Resources */,
			);
			runOnlyForDeploymentPostprocessing = 0;
		};
		6ADA98CA20C63469004FC0C9 /* Resources */ = {
			isa = PBXResourcesBuildPhase;
			buildActionMask = 2147483647;
			files = (
			);
			runOnlyForDeploymentPostprocessing = 0;
		};
/* End PBXResourcesBuildPhase section */

/* Begin PBXSourcesBuildPhase section */
		6ADA98B020C63467004FC0C9 /* Sources */ = {
			isa = PBXSourcesBuildPhase;
			buildActionMask = 2147483647;
			files = (
				6ADA98BC20C63467004FC0C9 /* ViewController.m in Sources */,
				6ADA98DE20C634D5004FC0C9 /* TableViewCell.m in Sources */,
				6ADA98C720C63469004FC0C9 /* main.m in Sources */,
				6ADA98B920C63467004FC0C9 /* AppDelegate.m in Sources */,
				6ADA98E220C63682004FC0C9 /* Model.m in Sources */,
				6A5CD4E820C8E3D200C21AA0 /* GrenealClass.m in Sources */,
			);
			runOnlyForDeploymentPostprocessing = 0;
		};
		6ADA98C820C63469004FC0C9 /* Sources */ = {
			isa = PBXSourcesBuildPhase;
			buildActionMask = 2147483647;
			files = (
				6ADA98D120C63469004FC0C9 /* MultipleChoicesDemoUITests.m in Sources */,
			);
			runOnlyForDeploymentPostprocessing = 0;
		};
/* End PBXSourcesBuildPhase section */

/* Begin PBXTargetDependency section */
		6ADA98CE20C63469004FC0C9 /* PBXTargetDependency */ = {
			isa = PBXTargetDependency;
			target = 6ADA98B320C63467004FC0C9 /* MultipleChoicesDemo */;
			targetProxy = 6ADA98CD20C63469004FC0C9 /* PBXContainerItemProxy */;
		};
/* End PBXTargetDependency section */

/* Begin PBXVariantGroup section */
		6ADA98BD20C63467004FC0C9 /* Main.storyboard */ = {
			isa = PBXVariantGroup;
			children = (
				6ADA98BE20C63467004FC0C9 /* Base */,
			);
			name = Main.storyboard;
			sourceTree = "<group>";
		};
		6ADA98C220C63469004FC0C9 /* LaunchScreen.storyboard */ = {
			isa = PBXVariantGroup;
			children = (
				6ADA98C320C63469004FC0C9 /* Base */,
			);
			name = LaunchScreen.storyboard;
			sourceTree = "<group>";
		};
/* End PBXVariantGroup section */

/* Begin XCBuildConfiguration section */
		6ADA98D320C63469004FC0C9 /* Debug */ = {
			isa = XCBuildConfiguration;
			buildSettings = {
				ALWAYS_SEARCH_USER_PATHS = NO;
				CLANG_ANALYZER_NONNULL = YES;
				CLANG_ANALYZER_NUMBER_OBJECT_CONVERSION = YES_AGGRESSIVE;
				CLANG_CXX_LANGUAGE_STANDARD = "gnu++14";
				CLANG_CXX_LIBRARY = "libc++";
				CLANG_ENABLE_MODULES = YES;
				CLANG_ENABLE_OBJC_ARC = YES;
				CLANG_ENABLE_OBJC_WEAK = YES;
				CLANG_WARN_BLOCK_CAPTURE_AUTORELEASING = YES;
				CLANG_WARN_BOOL_CONVERSION = YES;
				CLANG_WARN_COMMA = YES;
				CLANG_WARN_CONSTANT_CONVERSION = YES;
				CLANG_WARN_DEPRECATED_OBJC_IMPLEMENTATIONS = YES;
				CLANG_WARN_DIRECT_OBJC_ISA_USAGE = YES_ERROR;
				CLANG_WARN_DOCUMENTATION_COMMENTS = YES;
				CLANG_WARN_EMPTY_BODY = YES;
				CLANG_WARN_ENUM_CONVERSION = YES;
				CLANG_WARN_INFINITE_RECURSION = YES;
				CLANG_WARN_INT_CONVERSION = YES;
				CLANG_WARN_NON_LITERAL_NULL_CONVERSION = YES;
				CLANG_WARN_OBJC_IMPLICIT_RETAIN_SELF = YES;
				CLANG_WARN_OBJC_LITERAL_CONVERSION = YES;
				CLANG_WARN_OBJC_ROOT_CLASS = YES_ERROR;
				CLANG_WARN_RANGE_LOOP_ANALYSIS = YES;
				CLANG_WARN_STRICT_PROTOTYPES = YES;
				CLANG_WARN_SUSPICIOUS_MOVE = YES;
				CLANG_WARN_UNGUARDED_AVAILABILITY = YES_AGGRESSIVE;
				CLANG_WARN_UNREACHABLE_CODE = YES;
				CLANG_WARN__DUPLICATE_METHOD_MATCH = YES;
				CODE_SIGN_IDENTITY = "iPhone Developer";
				COPY_PHASE_STRIP = NO;
				DEBUG_INFORMATION_FORMAT = dwarf;
				ENABLE_STRICT_OBJC_MSGSEND = YES;
				ENABLE_TESTABILITY = YES;
				GCC_C_LANGUAGE_STANDARD = gnu11;
				GCC_DYNAMIC_NO_PIC = NO;
				GCC_NO_COMMON_BLOCKS = YES;
				GCC_OPTIMIZATION_LEVEL = 0;
				GCC_PREPROCESSOR_DEFINITIONS = (
					"DEBUG=1",
					"$(inherited)",
				);
				GCC_WARN_64_TO_32_BIT_CONVERSION = YES;
				GCC_WARN_ABOUT_RETURN_TYPE = YES_ERROR;
				GCC_WARN_UNDECLARED_SELECTOR = YES;
				GCC_WARN_UNINITIALIZED_AUTOS = YES_AGGRESSIVE;
				GCC_WARN_UNUSED_FUNCTION = YES;
				GCC_WARN_UNUSED_VARIABLE = YES;
				IPHONEOS_DEPLOYMENT_TARGET = 11.3;
				MTL_ENABLE_DEBUG_INFO = YES;
				ONLY_ACTIVE_ARCH = YES;
				SDKROOT = iphoneos;
			};
			name = Debug;
		};
		6ADA98D420C63469004FC0C9 /* Release */ = {
			isa = XCBuildConfiguration;
			buildSettings = {
				ALWAYS_SEARCH_USER_PATHS = NO;
				CLANG_ANALYZER_NONNULL = YES;
				CLANG_ANALYZER_NUMBER_OBJECT_CONVERSION = YES_AGGRESSIVE;
				CLANG_CXX_LANGUAGE_STANDARD = "gnu++14";
				CLANG_CXX_LIBRARY = "libc++";
				CLANG_ENABLE_MODULES = YES;
				CLANG_ENABLE_OBJC_ARC = YES;
				CLANG_ENABLE_OBJC_WEAK = YES;
				CLANG_WARN_BLOCK_CAPTURE_AUTORELEASING = YES;
				CLANG_WARN_BOOL_CONVERSION = YES;
				CLANG_WARN_COMMA = YES;
				CLANG_WARN_CONSTANT_CONVERSION = YES;
				CLANG_WARN_DEPRECATED_OBJC_IMPLEMENTATIONS = YES;
				CLANG_WARN_DIRECT_OBJC_ISA_USAGE = YES_ERROR;
				CLANG_WARN_DOCUMENTATION_COMMENTS = YES;
				CLANG_WARN_EMPTY_BODY = YES;
				CLANG_WARN_ENUM_CONVERSION = YES;
				CLANG_WARN_INFINITE_RECURSION = YES;
				CLANG_WARN_INT_CONVERSION = YES;
				CLANG_WARN_NON_LITERAL_NULL_CONVERSION = YES;
				CLANG_WARN_OBJC_IMPLICIT_RETAIN_SELF = YES;
				CLANG_WARN_OBJC_LITERAL_CONVERSION = YES;
				CLANG_WARN_OBJC_ROOT_CLASS = YES_ERROR;
				CLANG_WARN_RANGE_LOOP_ANALYSIS = YES;
				CLANG_WARN_STRICT_PROTOTYPES = YES;
				CLANG_WARN_SUSPICIOUS_MOVE = YES;
				CLANG_WARN_UNGUARDED_AVAILABILITY = YES_AGGRESSIVE;
				CLANG_WARN_UNREACHABLE_CODE = YES;
				CLANG_WARN__DUPLICATE_METHOD_MATCH = YES;
				CODE_SIGN_IDENTITY = "iPhone Developer";
				COPY_PHASE_STRIP = NO;
				DEBUG_INFORMATION_FORMAT = "dwarf-with-dsym";
				ENABLE_NS_ASSERTIONS = NO;
				ENABLE_STRICT_OBJC_MSGSEND = YES;
				GCC_C_LANGUAGE_STANDARD = gnu11;
				GCC_NO_COMMON_BLOCKS = YES;
				GCC_WARN_64_TO_32_BIT_CONVERSION = YES;
				GCC_WARN_ABOUT_RETURN_TYPE = YES_ERROR;
				GCC_WARN_UNDECLARED_SELECTOR = YES;
				GCC_WARN_UNINITIALIZED_AUTOS = YES_AGGRESSIVE;
				GCC_WARN_UNUSED_FUNCTION = YES;
				GCC_WARN_UNUSED_VARIABLE = YES;
				IPHONEOS_DEPLOYMENT_TARGET = 11.3;
				MTL_ENABLE_DEBUG_INFO = NO;
				SDKROOT = iphoneos;
				VALIDATE_PRODUCT = YES;
			};
			name = Release;
		};
		6ADA98D620C63469004FC0C9 /* Debug */ = {
			isa = XCBuildConfiguration;
			buildSettings = {
				ASSETCATALOG_COMPILER_APPICON_NAME = AppIcon;
				CODE_SIGN_STYLE = Automatic;
				DEVELOPMENT_TEAM = SEWBU2EJ25;
				INFOPLIST_FILE = MultipleChoicesDemo/Info.plist;
				IPHONEOS_DEPLOYMENT_TARGET = 10.1;
				LD_RUNPATH_SEARCH_PATHS = (
					"$(inherited)",
					"@executable_path/Frameworks",
				);
				PRODUCT_BUNDLE_IDENTIFIER = lizi.MultipleChoicesDemo;
				PRODUCT_NAME = "$(TARGET_NAME)";
				TARGETED_DEVICE_FAMILY = "1,2";
			};
			name = Debug;
		};
		6ADA98D720C63469004FC0C9 /* Release */ = {
			isa = XCBuildConfiguration;
			buildSettings = {
				ASSETCATALOG_COMPILER_APPICON_NAME = AppIcon;
				CODE_SIGN_STYLE = Automatic;
				DEVELOPMENT_TEAM = SEWBU2EJ25;
				INFOPLIST_FILE = MultipleChoicesDemo/Info.plist;
				IPHONEOS_DEPLOYMENT_TARGET = 10.1;
				LD_RUNPATH_SEARCH_PATHS = (
					"$(inherited)",
					"@executable_path/Frameworks",
				);
				PRODUCT_BUNDLE_IDENTIFIER = lizi.MultipleChoicesDemo;
				PRODUCT_NAME = "$(TARGET_NAME)";
				TARGETED_DEVICE_FAMILY = "1,2";
			};
			name = Release;
		};
		6ADA98D920C63469004FC0C9 /* Debug */ = {
			isa = XCBuildConfiguration;
			buildSettings = {
				CODE_SIGN_STYLE = Automatic;
				INFOPLIST_FILE = MultipleChoicesDemoUITests/Info.plist;
				LD_RUNPATH_SEARCH_PATHS = (
					"$(inherited)",
					"@executable_path/Frameworks",
					"@loader_path/Frameworks",
				);
				PRODUCT_BUNDLE_IDENTIFIER = lizi.MultipleChoicesDemoUITests;
				PRODUCT_NAME = "$(TARGET_NAME)";
				TARGETED_DEVICE_FAMILY = "1,2";
				TEST_TARGET_NAME = MultipleChoicesDemo;
			};
			name = Debug;
		};
		6ADA98DA20C63469004FC0C9 /* Release */ = {
			isa = XCBuildConfiguration;
			buildSettings = {
				CODE_SIGN_STYLE = Automatic;
				INFOPLIST_FILE = MultipleChoicesDemoUITests/Info.plist;
				LD_RUNPATH_SEARCH_PATHS = (
					"$(inherited)",
					"@executable_path/Frameworks",
					"@loader_path/Frameworks",
				);
				PRODUCT_BUNDLE_IDENTIFIER = lizi.MultipleChoicesDemoUITests;
				PRODUCT_NAME = "$(TARGET_NAME)";
				TARGETED_DEVICE_FAMILY = "1,2";
				TEST_TARGET_NAME = MultipleChoicesDemo;
			};
			name = Release;
		};
/* End XCBuildConfiguration section */

/* Begin XCConfigurationList section */
		6ADA98AF20C63467004FC0C9 /* Build configuration list for PBXProject "MultipleChoicesDemo" */ = {
			isa = XCConfigurationList;
			buildConfigurations = (
				6ADA98D320C63469004FC0C9 /* Debug */,
				6ADA98D420C63469004FC0C9 /* Release */,
			);
			defaultConfigurationIsVisible = 0;
			defaultConfigurationName = Release;
		};
		6ADA98D520C63469004FC0C9 /* Build configuration list for PBXNativeTarget "MultipleChoicesDemo" */ = {
			isa = XCConfigurationList;
			buildConfigurations = (
				6ADA98D620C63469004FC0C9 /* Debug */,
				6ADA98D720C63469004FC0C9 /* Release */,
			);
			defaultConfigurationIsVisible = 0;
			defaultConfigurationName = Release;
		};
		6ADA98D820C63469004FC0C9 /* Build configuration list for PBXNativeTarget "MultipleChoicesDemoUITests" */ = {
			isa = XCConfigurationList;
			buildConfigurations = (
				6ADA98D920C63469004FC0C9 /* Debug */,
				6ADA98DA20C63469004FC0C9 /* Release */,
			);
			defaultConfigurationIsVisible = 0;
			defaultConfigurationName = Release;
		};
/* End XCConfigurationList section */
	};
	rootObject = 6ADA98AC20C63467004FC0C9 /* Project object */;
}
